
Microsoft Visual Studio Solution File, Format Version 12.00
# Visual Studio Version 16
VisualStudioVersion = 16.0.29806.167
MinimumVisualStudioVersion = 10.0.40219.1
Project("{9A19103F-16F7-4668-BE54-9A1E7A4F7556}") = "SimpleHostBot", "SimpleHostBot.csproj", "{7A1044AF-2A4C-46A0-AA6C-19537B71F0BC}"
EndProject
Project("{9A19103F-16F7-4668-BE54-9A1E7A4F7556}") = "EchoSkillBot", "..\skill\EchoSkillBot.csproj", "{B0C090F2-9E5A-4106-87F9-DA1B9EF8A3C2}"
EndProject
Global
	GlobalSection(SolutionConfigurationPlatforms) = preSolution
		Debug|Any CPU = Debug|Any CPU
		Release|Any CPU = Release|Any CPU
	EndGlobalSection
	GlobalSection(ProjectConfigurationPlatforms) = postSolution
		{7A1044AF-2A4C-46A0-AA6C-19537B71F0BC}.Debug|Any CPU.ActiveCfg = Debug|Any CPU
		{7A1044AF-2A4C-46A0-AA6C-19537B71F0BC}.Debug|Any CPU.Build.0 = Debug|Any CPU
		{7A1044AF-2A4C-46A0-AA6C-19537B71F0BC}.Release|Any CPU.ActiveCfg = Release|Any CPU
		{7A1044AF-2A4C-46A0-AA6C-19537B71F0BC}.Release|Any CPU.Build.0 = Release|Any CPU
		{B0C090F2-9E5A-4106-87F9-DA1B9EF8A3C2}.Debug|Any CPU.ActiveCfg = Debug|Any CPU
		{B0C090F2-9E5A-4106-87F9-DA1B9EF8A3C2}.Debug|Any CPU.Build.0 = Debug|Any CPU
		{B0C090F2-9E5A-4106-87F9-DA1B9EF8A3C2}.Release|Any CPU.ActiveCfg = Release|Any CPU
		{B0C090F2-9E5A-4106-87F9-DA1B9EF8A3C2}.Release|Any CPU.Build.0 = Release|Any CPU
	EndGlobalSection
	GlobalSection(SolutionProperties) = preSolution
		HideSolutionNode = FALSE
	EndGlobalSection
	GlobalSection(ExtensibilityGlobals) = postSolution
		SolutionGuid = {B3DDDB93-F6F2-4FF3-BF2D-6CBFBAB2AC8A}
	EndGlobalSection
EndGlobal
