
Microsoft Visual Studio Solution File, Format Version 12.00
# Visual Studio Version 16
VisualStudioVersion = 16.0.30621.155
MinimumVisualStudioVersion = 10.0.40219.1
Project("{2150E333-8FDC-42A3-9474-1A3956D46DE8}") = "Consumers", "Consumers", "{12088D79-235C-4387-9DA8-69AB93D52A8E}"
EndProject
Project("{2150E333-8FDC-42A3-9474-1A3956D46DE8}") = "Skills", "Skills", "{39117C87-FD02-40CD-A9A9-9A4C0A630521}"
EndProject
Project("{2150E333-8FDC-42A3-9474-1A3956D46DE8}") = "CodeFirst", "CodeFirst", "{C7A60083-78C8-4CEF-A358-4E53CBF0D12A}"
EndProject
Project("{9A19103F-16F7-4668-BE54-9A1E7A4F7556}") = "SimpleHostBot", "Consumers\CodeFirst\SimpleHostBot\SimpleHostBot.csproj", "{AAE978F8-D22B-41E8-B445-872FF4194713}"
EndProject
Project("{9A19103F-16F7-4668-BE54-9A1E7A4F7556}") = "SimpleHostBot-2.1", "Consumers\CodeFirst\SimpleHostBot-2.1\SimpleHostBot-2.1.csproj", "{0443C38C-A0DF-4A1A-8931-4A4BFFEEB386}"
EndProject
Project("{2150E333-8FDC-42A3-9474-1A3956D46DE8}") = "CodeFirst", "CodeFirst", "{6EF38D8C-7953-4D54-BA31-FFF055B7B217}"
EndProject
Project("{9A19103F-16F7-4668-BE54-9A1E7A4F7556}") = "CardSkillBot", "Skills\CodeFirst\CardSkillBot\CardSkillBot.csproj", "{057D5131-517C-4EBB-BA7B-75E745792DBD}"
EndProject
Project("{9A19103F-16F7-4668-BE54-9A1E7A4F7556}") = "DialogSkillBot", "Skills\CodeFirst\DialogSkillBot\DialogSkillBot.csproj", "{64524883-7455-4A7E-AD72-D5D77288D373}"
EndProject
Project("{9A19103F-16F7-4668-BE54-9A1E7A4F7556}") = "EchoSkillBot-2.1", "Skills\CodeFirst\EchoSkillBot-2.1\EchoSkillBot-2.1.csproj", "{56864219-785B-4600-9849-43CAF90F37E9}"
EndProject
Project("{9A19103F-16F7-4668-BE54-9A1E7A4F7556}") = "ProactiveSkillBot", "Skills\CodeFirst\ProactiveSkillBot\ProactiveSkillBot.csproj", "{5AF618C7-C75B-4F34-A77C-66F3E3B758E2}"
EndProject
Project("{9A19103F-16F7-4668-BE54-9A1E7A4F7556}") = "TeamsSkillBot", "Skills\CodeFirst\TeamsSkillBot\TeamsSkillBot.csproj", "{66E3D426-7627-4D6C-9FAA-87618724F326}"
EndProject
Project("{9A19103F-16F7-4668-BE54-9A1E7A4F7556}") = "WeatherSkillBot", "Skills\CodeFirst\WeatherSkillBot\WeatherSkillBot.csproj", "{C62D367B-BBA3-4F0F-B170-52AE28910F01}"
EndProject
Project("{9A19103F-16F7-4668-BE54-9A1E7A4F7556}") = "EchoSkillBot", "Skills\CodeFirst\EchoSkillBot\EchoSkillBot.csproj", "{692F26DD-F7BA-49F3-AC6D-73047C1E5D61}"
EndProject
Project("{2150E333-8FDC-42A3-9474-1A3956D46DE8}") = "Composer", "Composer", "{33FA275E-9E5D-4582-BFF7-24B2C5DB2962}"
	ProjectSection(SolutionItems) = preProject
		Consumers\Composer\Directory.Build.props = Consumers\Composer\Directory.Build.props
	EndProjectSection
EndProject
Project("{2150E333-8FDC-42A3-9474-1A3956D46DE8}") = "Composer", "Composer", "{33E2281F-C6A7-40EC-961A-FF9FF254FDDC}"
EndProject
Project("{9A19103F-16F7-4668-BE54-9A1E7A4F7556}") = "AttachmentsSkillBot", "Skills\CodeFirst\AttachmentsSkillBot\AttachmentsSkillBot.csproj", "{2567B219-4384-4BBE-A2DC-475359B2DD9D}"
EndProject
Project("{9A19103F-16F7-4668-BE54-9A1E7A4F7556}") = "AuthSkillBot", "Skills\CodeFirst\AuthSkillBot\AuthSkillBot.csproj", "{C825AAB4-D555-4AD4-82AC-494BF2F2EF5D}"
EndProject
Project("{9A19103F-16F7-4668-BE54-9A1E7A4F7556}") = "SsoSkillBot", "Skills\CodeFirst\SsoSkillBot\SsoSkillBot.csproj", "{FBC33793-DE70-47F1-A501-EEA252219342}"
EndProject
Project("{9A19103F-16F7-4668-BE54-9A1E7A4F7556}") = "SsoHostBot", "Consumers\CodeFirst\SsoRootBot\SsoHostBot.csproj", "{AE84648F-7558-43A4-8EF2-9F2B3167FD51}"
EndProject
Project("{2150E333-8FDC-42A3-9474-1A3956D46DE8}") = "SimpleComposerHostBot", "SimpleComposerHostBot", "{23CD821E-D287-4B8A-8174-15C081B566DA}"
EndProject
Project("{2150E333-8FDC-42A3-9474-1A3956D46DE8}") = "runtime", "runtime", "{88BD7115-D9EA-4D85-80EF-94594F944231}"
EndProject
Project("{2150E333-8FDC-42A3-9474-1A3956D46DE8}") = "settings", "settings", "{F5187871-1120-4D76-B3B6-53D2F93E3071}"
	ProjectSection(SolutionItems) = preProject
		Consumers\Composer\SimpleComposerHostBot\settings\appsettings.Development.json = Consumers\Composer\SimpleComposerHostBot\settings\appsettings.Development.json
		Consumers\Composer\SimpleComposerHostBot\settings\appsettings.json = Consumers\Composer\SimpleComposerHostBot\settings\appsettings.json
	EndProjectSection
EndProject
Project("{2150E333-8FDC-42A3-9474-1A3956D46DE8}") = "EchoComposerSkillBot", "EchoComposerSkillBot", "{9FF1FC77-3EBE-4001-864B-59DC0BF5ADDE}"
EndProject
Project("{2150E333-8FDC-42A3-9474-1A3956D46DE8}") = "settings", "settings", "{95708A0E-37E4-4EC0-B381-DC2C440F1A1D}"
	ProjectSection(SolutionItems) = preProject
		Skills\Composer\EchoComposerSkillBot\settings\appsettings.json = Skills\Composer\EchoComposerSkillBot\settings\appsettings.json
	EndProjectSection
EndProject
Project("{9A19103F-16F7-4668-BE54-9A1E7A4F7556}") = "Microsoft.BotFramework.Composer.Core", "Consumers\Composer\SimpleComposerHostBot\runtime\core\Microsoft.BotFramework.Composer.Core.csproj", "{0A52815F-A057-43B2-8EDC-6885423298CF}"
EndProject
Project("{9A19103F-16F7-4668-BE54-9A1E7A4F7556}") = "Microsoft.BotFramework.Composer.CustomAction", "Consumers\Composer\SimpleComposerHostBot\runtime\customaction\Microsoft.BotFramework.Composer.CustomAction.csproj", "{3675E7C0-A0F1-478D-A374-5AF2A8A2F18F}"
EndProject
Project("{9A19103F-16F7-4668-BE54-9A1E7A4F7556}") = "Microsoft.BotFramework.Composer.WebApp", "Consumers\Composer\SimpleComposerHostBot\runtime\azurewebapp\Microsoft.BotFramework.Composer.WebApp.csproj", "{47C03D82-D4CA-4BDD-AD14-40E236746816}"
EndProject
Project("{9A19103F-16F7-4668-BE54-9A1E7A4F7556}") = "WaterfallHostBot", "Consumers\CodeFirst\WaterfallHostBot\WaterfallHostBot.csproj", "{0417349A-FC6B-4320-822E-6769A63FFF35}"
EndProject
Project("{9A19103F-16F7-4668-BE54-9A1E7A4F7556}") = "Microsoft.BotFramework.Composer.Functions", "Consumers\Composer\SimpleComposerHostBot\runtime\azurefunctions\Microsoft.BotFramework.Composer.Functions.csproj", "{59D614CA-7E7F-4AAF-A975-065EC0446300}"
EndProject
Project("{9A19103F-16F7-4668-BE54-9A1E7A4F7556}") = "Microsoft.BotFramework.Composer.Tests", "Consumers\Composer\SimpleComposerHostBot\runtime\tests\Microsoft.BotFramework.Composer.Tests.csproj", "{605C3D62-5BEF-452C-9CDC-E22A1F71588A}"
EndProject
Global
	GlobalSection(SolutionConfigurationPlatforms) = preSolution
		Debug|Any CPU = Debug|Any CPU
		Release|Any CPU = Release|Any CPU
	EndGlobalSection
	GlobalSection(ProjectConfigurationPlatforms) = postSolution
		{AAE978F8-D22B-41E8-B445-872FF4194713}.Debug|Any CPU.ActiveCfg = Debug|Any CPU
		{AAE978F8-D22B-41E8-B445-872FF4194713}.Debug|Any CPU.Build.0 = Debug|Any CPU
		{AAE978F8-D22B-41E8-B445-872FF4194713}.Release|Any CPU.ActiveCfg = Release|Any CPU
		{AAE978F8-D22B-41E8-B445-872FF4194713}.Release|Any CPU.Build.0 = Release|Any CPU
		{0443C38C-A0DF-4A1A-8931-4A4BFFEEB386}.Debug|Any CPU.ActiveCfg = Debug|Any CPU
		{0443C38C-A0DF-4A1A-8931-4A4BFFEEB386}.Debug|Any CPU.Build.0 = Debug|Any CPU
		{0443C38C-A0DF-4A1A-8931-4A4BFFEEB386}.Release|Any CPU.ActiveCfg = Release|Any CPU
		{0443C38C-A0DF-4A1A-8931-4A4BFFEEB386}.Release|Any CPU.Build.0 = Release|Any CPU
		{057D5131-517C-4EBB-BA7B-75E745792DBD}.Debug|Any CPU.ActiveCfg = Debug|Any CPU
		{057D5131-517C-4EBB-BA7B-75E745792DBD}.Debug|Any CPU.Build.0 = Debug|Any CPU
		{057D5131-517C-4EBB-BA7B-75E745792DBD}.Release|Any CPU.ActiveCfg = Release|Any CPU
		{057D5131-517C-4EBB-BA7B-75E745792DBD}.Release|Any CPU.Build.0 = Release|Any CPU
		{64524883-7455-4A7E-AD72-D5D77288D373}.Debug|Any CPU.ActiveCfg = Debug|Any CPU
		{64524883-7455-4A7E-AD72-D5D77288D373}.Debug|Any CPU.Build.0 = Debug|Any CPU
		{64524883-7455-4A7E-AD72-D5D77288D373}.Release|Any CPU.ActiveCfg = Release|Any CPU
		{64524883-7455-4A7E-AD72-D5D77288D373}.Release|Any CPU.Build.0 = Release|Any CPU
		{56864219-785B-4600-9849-43CAF90F37E9}.Debug|Any CPU.ActiveCfg = Debug|Any CPU
		{56864219-785B-4600-9849-43CAF90F37E9}.Debug|Any CPU.Build.0 = Debug|Any CPU
		{56864219-785B-4600-9849-43CAF90F37E9}.Release|Any CPU.ActiveCfg = Release|Any CPU
		{56864219-785B-4600-9849-43CAF90F37E9}.Release|Any CPU.Build.0 = Release|Any CPU
		{5AF618C7-C75B-4F34-A77C-66F3E3B758E2}.Debug|Any CPU.ActiveCfg = Debug|Any CPU
		{5AF618C7-C75B-4F34-A77C-66F3E3B758E2}.Debug|Any CPU.Build.0 = Debug|Any CPU
		{5AF618C7-C75B-4F34-A77C-66F3E3B758E2}.Release|Any CPU.ActiveCfg = Release|Any CPU
		{5AF618C7-C75B-4F34-A77C-66F3E3B758E2}.Release|Any CPU.Build.0 = Release|Any CPU
		{66E3D426-7627-4D6C-9FAA-87618724F326}.Debug|Any CPU.ActiveCfg = Debug|Any CPU
		{66E3D426-7627-4D6C-9FAA-87618724F326}.Debug|Any CPU.Build.0 = Debug|Any CPU
		{66E3D426-7627-4D6C-9FAA-87618724F326}.Release|Any CPU.ActiveCfg = Release|Any CPU
		{66E3D426-7627-4D6C-9FAA-87618724F326}.Release|Any CPU.Build.0 = Release|Any CPU
		{C62D367B-BBA3-4F0F-B170-52AE28910F01}.Debug|Any CPU.ActiveCfg = Debug|Any CPU
		{C62D367B-BBA3-4F0F-B170-52AE28910F01}.Debug|Any CPU.Build.0 = Debug|Any CPU
		{C62D367B-BBA3-4F0F-B170-52AE28910F01}.Release|Any CPU.ActiveCfg = Release|Any CPU
		{C62D367B-BBA3-4F0F-B170-52AE28910F01}.Release|Any CPU.Build.0 = Release|Any CPU
		{692F26DD-F7BA-49F3-AC6D-73047C1E5D61}.Debug|Any CPU.ActiveCfg = Debug|Any CPU
		{692F26DD-F7BA-49F3-AC6D-73047C1E5D61}.Debug|Any CPU.Build.0 = Debug|Any CPU
		{692F26DD-F7BA-49F3-AC6D-73047C1E5D61}.Release|Any CPU.ActiveCfg = Release|Any CPU
		{692F26DD-F7BA-49F3-AC6D-73047C1E5D61}.Release|Any CPU.Build.0 = Release|Any CPU
		{2567B219-4384-4BBE-A2DC-475359B2DD9D}.Debug|Any CPU.ActiveCfg = Debug|Any CPU
		{2567B219-4384-4BBE-A2DC-475359B2DD9D}.Debug|Any CPU.Build.0 = Debug|Any CPU
		{2567B219-4384-4BBE-A2DC-475359B2DD9D}.Release|Any CPU.ActiveCfg = Release|Any CPU
		{2567B219-4384-4BBE-A2DC-475359B2DD9D}.Release|Any CPU.Build.0 = Release|Any CPU
		{C825AAB4-D555-4AD4-82AC-494BF2F2EF5D}.Debug|Any CPU.ActiveCfg = Debug|Any CPU
		{C825AAB4-D555-4AD4-82AC-494BF2F2EF5D}.Debug|Any CPU.Build.0 = Debug|Any CPU
		{C825AAB4-D555-4AD4-82AC-494BF2F2EF5D}.Release|Any CPU.ActiveCfg = Release|Any CPU
		{C825AAB4-D555-4AD4-82AC-494BF2F2EF5D}.Release|Any CPU.Build.0 = Release|Any CPU
		{FBC33793-DE70-47F1-A501-EEA252219342}.Debug|Any CPU.ActiveCfg = Debug|Any CPU
		{FBC33793-DE70-47F1-A501-EEA252219342}.Debug|Any CPU.Build.0 = Debug|Any CPU
		{FBC33793-DE70-47F1-A501-EEA252219342}.Release|Any CPU.ActiveCfg = Release|Any CPU
		{FBC33793-DE70-47F1-A501-EEA252219342}.Release|Any CPU.Build.0 = Release|Any CPU
		{AE84648F-7558-43A4-8EF2-9F2B3167FD51}.Debug|Any CPU.ActiveCfg = Debug|Any CPU
		{AE84648F-7558-43A4-8EF2-9F2B3167FD51}.Debug|Any CPU.Build.0 = Debug|Any CPU
		{AE84648F-7558-43A4-8EF2-9F2B3167FD51}.Release|Any CPU.ActiveCfg = Release|Any CPU
		{AE84648F-7558-43A4-8EF2-9F2B3167FD51}.Release|Any CPU.Build.0 = Release|Any CPU
		{0A52815F-A057-43B2-8EDC-6885423298CF}.Debug|Any CPU.ActiveCfg = Debug|Any CPU
		{0A52815F-A057-43B2-8EDC-6885423298CF}.Debug|Any CPU.Build.0 = Debug|Any CPU
		{0A52815F-A057-43B2-8EDC-6885423298CF}.Release|Any CPU.ActiveCfg = Release|Any CPU
		{0A52815F-A057-43B2-8EDC-6885423298CF}.Release|Any CPU.Build.0 = Release|Any CPU
		{3675E7C0-A0F1-478D-A374-5AF2A8A2F18F}.Debug|Any CPU.ActiveCfg = Debug|Any CPU
		{3675E7C0-A0F1-478D-A374-5AF2A8A2F18F}.Debug|Any CPU.Build.0 = Debug|Any CPU
		{3675E7C0-A0F1-478D-A374-5AF2A8A2F18F}.Release|Any CPU.ActiveCfg = Release|Any CPU
		{3675E7C0-A0F1-478D-A374-5AF2A8A2F18F}.Release|Any CPU.Build.0 = Release|Any CPU
		{47C03D82-D4CA-4BDD-AD14-40E236746816}.Debug|Any CPU.ActiveCfg = Debug|Any CPU
		{47C03D82-D4CA-4BDD-AD14-40E236746816}.Debug|Any CPU.Build.0 = Debug|Any CPU
		{47C03D82-D4CA-4BDD-AD14-40E236746816}.Release|Any CPU.ActiveCfg = Release|Any CPU
		{47C03D82-D4CA-4BDD-AD14-40E236746816}.Release|Any CPU.Build.0 = Release|Any CPU
		{0417349A-FC6B-4320-822E-6769A63FFF35}.Debug|Any CPU.ActiveCfg = Debug|Any CPU
		{0417349A-FC6B-4320-822E-6769A63FFF35}.Debug|Any CPU.Build.0 = Debug|Any CPU
		{0417349A-FC6B-4320-822E-6769A63FFF35}.Release|Any CPU.ActiveCfg = Release|Any CPU
		{0417349A-FC6B-4320-822E-6769A63FFF35}.Release|Any CPU.Build.0 = Release|Any CPU
		{59D614CA-7E7F-4AAF-A975-065EC0446300}.Debug|Any CPU.ActiveCfg = Debug|Any CPU
		{59D614CA-7E7F-4AAF-A975-065EC0446300}.Debug|Any CPU.Build.0 = Debug|Any CPU
		{59D614CA-7E7F-4AAF-A975-065EC0446300}.Release|Any CPU.ActiveCfg = Release|Any CPU
		{59D614CA-7E7F-4AAF-A975-065EC0446300}.Release|Any CPU.Build.0 = Release|Any CPU
		{605C3D62-5BEF-452C-9CDC-E22A1F71588A}.Debug|Any CPU.ActiveCfg = Debug|Any CPU
		{605C3D62-5BEF-452C-9CDC-E22A1F71588A}.Debug|Any CPU.Build.0 = Debug|Any CPU
		{605C3D62-5BEF-452C-9CDC-E22A1F71588A}.Release|Any CPU.ActiveCfg = Release|Any CPU
		{605C3D62-5BEF-452C-9CDC-E22A1F71588A}.Release|Any CPU.Build.0 = Release|Any CPU
	EndGlobalSection
	GlobalSection(SolutionProperties) = preSolution
		HideSolutionNode = FALSE
	EndGlobalSection
	GlobalSection(NestedProjects) = preSolution
		{C7A60083-78C8-4CEF-A358-4E53CBF0D12A} = {12088D79-235C-4387-9DA8-69AB93D52A8E}
		{AAE978F8-D22B-41E8-B445-872FF4194713} = {C7A60083-78C8-4CEF-A358-4E53CBF0D12A}
		{0443C38C-A0DF-4A1A-8931-4A4BFFEEB386} = {C7A60083-78C8-4CEF-A358-4E53CBF0D12A}
		{6EF38D8C-7953-4D54-BA31-FFF055B7B217} = {39117C87-FD02-40CD-A9A9-9A4C0A630521}
		{057D5131-517C-4EBB-BA7B-75E745792DBD} = {6EF38D8C-7953-4D54-BA31-FFF055B7B217}
		{64524883-7455-4A7E-AD72-D5D77288D373} = {6EF38D8C-7953-4D54-BA31-FFF055B7B217}
		{56864219-785B-4600-9849-43CAF90F37E9} = {6EF38D8C-7953-4D54-BA31-FFF055B7B217}
		{5AF618C7-C75B-4F34-A77C-66F3E3B758E2} = {6EF38D8C-7953-4D54-BA31-FFF055B7B217}
		{66E3D426-7627-4D6C-9FAA-87618724F326} = {6EF38D8C-7953-4D54-BA31-FFF055B7B217}
		{C62D367B-BBA3-4F0F-B170-52AE28910F01} = {6EF38D8C-7953-4D54-BA31-FFF055B7B217}
		{692F26DD-F7BA-49F3-AC6D-73047C1E5D61} = {6EF38D8C-7953-4D54-BA31-FFF055B7B217}
		{33FA275E-9E5D-4582-BFF7-24B2C5DB2962} = {12088D79-235C-4387-9DA8-69AB93D52A8E}
		{33E2281F-C6A7-40EC-961A-FF9FF254FDDC} = {39117C87-FD02-40CD-A9A9-9A4C0A630521}
		{2567B219-4384-4BBE-A2DC-475359B2DD9D} = {6EF38D8C-7953-4D54-BA31-FFF055B7B217}
		{C825AAB4-D555-4AD4-82AC-494BF2F2EF5D} = {6EF38D8C-7953-4D54-BA31-FFF055B7B217}
		{FBC33793-DE70-47F1-A501-EEA252219342} = {6EF38D8C-7953-4D54-BA31-FFF055B7B217}
		{AE84648F-7558-43A4-8EF2-9F2B3167FD51} = {C7A60083-78C8-4CEF-A358-4E53CBF0D12A}
		{23CD821E-D287-4B8A-8174-15C081B566DA} = {33FA275E-9E5D-4582-BFF7-24B2C5DB2962}
		{88BD7115-D9EA-4D85-80EF-94594F944231} = {23CD821E-D287-4B8A-8174-15C081B566DA}
		{F5187871-1120-4D76-B3B6-53D2F93E3071} = {23CD821E-D287-4B8A-8174-15C081B566DA}
		{9FF1FC77-3EBE-4001-864B-59DC0BF5ADDE} = {33E2281F-C6A7-40EC-961A-FF9FF254FDDC}
		{95708A0E-37E4-4EC0-B381-DC2C440F1A1D} = {9FF1FC77-3EBE-4001-864B-59DC0BF5ADDE}
		{0A52815F-A057-43B2-8EDC-6885423298CF} = {88BD7115-D9EA-4D85-80EF-94594F944231}
		{3675E7C0-A0F1-478D-A374-5AF2A8A2F18F} = {88BD7115-D9EA-4D85-80EF-94594F944231}
		{47C03D82-D4CA-4BDD-AD14-40E236746816} = {88BD7115-D9EA-4D85-80EF-94594F944231}
		{0417349A-FC6B-4320-822E-6769A63FFF35} = {C7A60083-78C8-4CEF-A358-4E53CBF0D12A}
		{59D614CA-7E7F-4AAF-A975-065EC0446300} = {88BD7115-D9EA-4D85-80EF-94594F944231}
		{605C3D62-5BEF-452C-9CDC-E22A1F71588A} = {88BD7115-D9EA-4D85-80EF-94594F944231}
	EndGlobalSection
	GlobalSection(ExtensibilityGlobals) = postSolution
		SolutionGuid = {2B77A921-EEA6-4006-ABD2-159C92F9F874}
	EndGlobalSection
EndGlobal
