Microsoft Visual Studio Solution File, Format Version 12.00
# Visual Studio Version 16
VisualStudioVersion = 16.0.30503.244
MinimumVisualStudioVersion = 10.0.40219.1
Project("{9A19103F-16F7-4668-BE54-9A1E7A4F7556}") = "ComposerSkillBotDotNet", "ComposerSkillBotDotNet\ComposerSkillBotDotNet.csproj", "{A90651EA-7A14-4A53-B8AF-CBAEB1B559D6}"
EndProject
Project("{9A19103F-16F7-4668-BE54-9A1E7A4F7556}") = "DownloadFileDialog", "DownloadFileDialog\DownloadFileDialog.csproj", "{E9CCB3D0-A2E1-4C73-A8E6-C2BF57B3D417}"
EndProject
Global
	GlobalSection(SolutionConfigurationPlatforms) = preSolution
		Debug|Any CPU = Debug|Any CPU
		Release|Any CPU = Release|Any CPU
	EndGlobalSection
	GlobalSection(ProjectConfigurationPlatforms) = postSolution
		{A90651EA-7A14-4A53-B8AF-CBAEB1B559D6}.Debug|Any CPU.ActiveCfg = Debug|Any CPU
		{A90651EA-7A14-4A53-B8AF-CBAEB1B559D6}.Debug|Any CPU.Build.0 = Debug|Any CPU
		{A90651EA-7A14-4A53-B8AF-CBAEB1B559D6}.Release|Any CPU.ActiveCfg = Release|Any CPU
		{A90651EA-7A14-4A53-B8AF-CBAEB1B559D6}.Release|Any CPU.Build.0 = Release|Any CPU
		{E9CCB3D0-A2E1-4C73-A8E6-C2BF57B3D417}.Debug|Any CPU.ActiveCfg = Debug|Any CPU
		{E9CCB3D0-A2E1-4C73-A8E6-C2BF57B3D417}.Debug|Any CPU.Build.0 = Debug|Any CPU
		{E9CCB3D0-A2E1-4C73-A8E6-C2BF57B3D417}.Release|Any CPU.ActiveCfg = Release|Any CPU
		{E9CCB3D0-A2E1-4C73-A8E6-C2BF57B3D417}.Release|Any CPU.Build.0 = Release|Any CPU
	EndGlobalSection
	GlobalSection(SolutionProperties) = preSolution
		HideSolutionNode = FALSE
	EndGlobalSection
	GlobalSection(ExtensibilityGlobals) = postSolution
		SolutionGuid = {B39D9ACB-E25D-4518-9699-A143DCFB0A7E}
	EndGlobalSection
EndGlobal
