
Microsoft Visual Studio Solution File, Format Version 12.00
# Visual Studio Version 16
VisualStudioVersion = 16.0.30611.23
MinimumVisualStudioVersion = 10.0.40219.1
Project("{9A19103F-16F7-4668-BE54-9A1E7A4F7556}") = "GovWeatherSkillBot", "GovWeatherSkillBot.csproj", "{05C52D61-31F2-41FB-9CC1-EF180FA243A1}"
EndProject
Global
	GlobalSection(SolutionConfigurationPlatforms) = preSolution
		Debug|Any CPU = Debug|Any CPU
		Release|Any CPU = Release|Any CPU
	EndGlobalSection
	GlobalSection(ProjectConfigurationPlatforms) = postSolution
		{05C52D61-31F2-41FB-9CC1-EF180FA243A1}.Debug|Any CPU.ActiveCfg = Debug|Any CPU
		{05C52D61-31F2-41FB-9CC1-EF180FA243A1}.Debug|Any CPU.Build.0 = Debug|Any CPU
		{05C52D61-31F2-41FB-9CC1-EF180FA243A1}.Release|Any CPU.ActiveCfg = Release|Any CPU
		{05C52D61-31F2-41FB-9CC1-EF180FA243A1}.Release|Any CPU.Build.0 = Release|Any CPU
	EndGlobalSection
	GlobalSection(SolutionProperties) = preSolution
		HideSolutionNode = FALSE
	EndGlobalSection
	GlobalSection(ExtensibilityGlobals) = postSolution
		SolutionGuid = {77096234-7D92-46F1-8EA6-5D784D4DB5C9}
	EndGlobalSection
EndGlobal
